
Microsoft Visual Studio Solution File, Format Version 12.00
# Visual Studio Version 17
VisualStudioVersion = 17.5.002.0
MinimumVisualStudioVersion = 10.0.40219.1
Project("{9A19103F-16F7-4668-BE54-9A1E7A4F7556}") = "BloodBankAPI", "BloodBankAPI\BloodBankAPI.csproj", "{30F733D3-916B-43AF-82B7-32BF39CCE157}"
EndProject
Global
	GlobalSection(SolutionConfigurationPlatforms) = preSolution
		Debug|Any CPU = Debug|Any CPU
		Release|Any CPU = Release|Any CPU
	EndGlobalSection
	GlobalSection(ProjectConfigurationPlatforms) = postSolution
		{30F733D3-916B-43AF-82B7-32BF39CCE157}.Debug|Any CPU.ActiveCfg = Debug|Any CPU
		{30F733D3-916B-43AF-82B7-32BF39CCE157}.Debug|Any CPU.Build.0 = Debug|Any CPU
		{30F733D3-916B-43AF-82B7-32BF39CCE157}.Release|Any CPU.ActiveCfg = Release|Any CPU
		{30F733D3-916B-43AF-82B7-32BF39CCE157}.Release|Any CPU.Build.0 = Release|Any CPU
	EndGlobalSection
	GlobalSection(SolutionProperties) = preSolution
		HideSolutionNode = FALSE
	EndGlobalSection
	GlobalSection(ExtensibilityGlobals) = postSolution
		SolutionGuid = {9E9F260E-6B98-4558-BBF7-2D2E974382D9}
	EndGlobalSection
EndGlobal
